
Microsoft Visual Studio Solution File, Format Version 12.00
# Visual Studio Version 16
VisualStudioVersion = 16.0.30309.148
MinimumVisualStudioVersion = 10.0.40219.1
Project("{9A19103F-16F7-4668-BE54-9A1E7A4F7556}") = "ExpensesTracker.Identity", "ExpensesTracker.Identity.csproj", "{774F3E71-8178-4EFA-BFF5-E53A76AAC445}"
EndProject
Project("{2150E333-8FDC-42A3-9474-1A3956D46DE8}") = "Solution Items", "Solution Items", "{8D5BC268-2E36-4FED-A52D-ADE5FFD72778}"
	ProjectSection(SolutionItems) = preProject
		.editorconfig = .editorconfig
	EndProjectSection
EndProject
Project("{FAE04EC0-301F-11D3-BF4B-00C04F79EFBC}") = "ExpenseTracker.Shared", "..\ExpenseTracker.Shared\ExpenseTracker.Shared.csproj", "{865DD33F-43FA-4D16-A813-03205DAE5456}"
EndProject
Global
	GlobalSection(SolutionConfigurationPlatforms) = preSolution
		Debug|Any CPU = Debug|Any CPU
		Release|Any CPU = Release|Any CPU
	EndGlobalSection
	GlobalSection(ProjectConfigurationPlatforms) = postSolution
		{774F3E71-8178-4EFA-BFF5-E53A76AAC445}.Debug|Any CPU.ActiveCfg = Debug|Any CPU
		{774F3E71-8178-4EFA-BFF5-E53A76AAC445}.Debug|Any CPU.Build.0 = Debug|Any CPU
		{774F3E71-8178-4EFA-BFF5-E53A76AAC445}.Release|Any CPU.ActiveCfg = Release|Any CPU
		{774F3E71-8178-4EFA-BFF5-E53A76AAC445}.Release|Any CPU.Build.0 = Release|Any CPU
		{865DD33F-43FA-4D16-A813-03205DAE5456}.Debug|Any CPU.ActiveCfg = Debug|Any CPU
		{865DD33F-43FA-4D16-A813-03205DAE5456}.Debug|Any CPU.Build.0 = Debug|Any CPU
		{865DD33F-43FA-4D16-A813-03205DAE5456}.Release|Any CPU.ActiveCfg = Release|Any CPU
		{865DD33F-43FA-4D16-A813-03205DAE5456}.Release|Any CPU.Build.0 = Release|Any CPU
	EndGlobalSection
	GlobalSection(SolutionProperties) = preSolution
		HideSolutionNode = FALSE
	EndGlobalSection
	GlobalSection(ExtensibilityGlobals) = postSolution
		SolutionGuid = {FF20F8B8-23DE-4856-919E-2488A77AA33F}
	EndGlobalSection
EndGlobal
